
Microsoft Visual Studio Solution File, Format Version 12.00
# Visual Studio Version 17
VisualStudioVersion = 17.11.35312.102
MinimumVisualStudioVersion = 10.0.40219.1
Project("{FAE04EC0-301F-11D3-BF4B-00C04F79EFBC}") = "Test_V4", "Test_V4\Test_V4.csproj", "{D07637F2-4CA5-463B-86D8-901605765357}"
EndProject
Project("{FAE04EC0-301F-11D3-BF4B-00C04F79EFBC}") = "ThuatToan", "ThuatToan\ThuatToan.csproj", "{F2188CAF-0C71-46B3-97EC-85937B22C722}"
EndProject
Project("{FAE04EC0-301F-11D3-BF4B-00C04F79EFBC}") = "Bieu_thuc_nho nhat", "Bieu_thuc_nho nhat\Bieu_thuc_nho nhat.csproj", "{4A3D1371-4CDD-4D75-B36A-FE617B368D84}"
EndProject
Project("{FAE04EC0-301F-11D3-BF4B-00C04F79EFBC}") = "Hieu_ChanLe", "Hieu_ChanLe\Hieu_ChanLe.csproj", "{0DAB7A23-0322-4853-BAE2-DF7610AD807A}"
EndProject
Global
	GlobalSection(SolutionConfigurationPlatforms) = preSolution
		Debug|Any CPU = Debug|Any CPU
		Release|Any CPU = Release|Any CPU
	EndGlobalSection
	GlobalSection(ProjectConfigurationPlatforms) = postSolution
		{D07637F2-4CA5-463B-86D8-901605765357}.Debug|Any CPU.ActiveCfg = Debug|Any CPU
		{D07637F2-4CA5-463B-86D8-901605765357}.Debug|Any CPU.Build.0 = Debug|Any CPU
		{D07637F2-4CA5-463B-86D8-901605765357}.Release|Any CPU.ActiveCfg = Release|Any CPU
		{D07637F2-4CA5-463B-86D8-901605765357}.Release|Any CPU.Build.0 = Release|Any CPU
		{F2188CAF-0C71-46B3-97EC-85937B22C722}.Debug|Any CPU.ActiveCfg = Debug|Any CPU
		{F2188CAF-0C71-46B3-97EC-85937B22C722}.Debug|Any CPU.Build.0 = Debug|Any CPU
		{F2188CAF-0C71-46B3-97EC-85937B22C722}.Release|Any CPU.ActiveCfg = Release|Any CPU
		{F2188CAF-0C71-46B3-97EC-85937B22C722}.Release|Any CPU.Build.0 = Release|Any CPU
		{4A3D1371-4CDD-4D75-B36A-FE617B368D84}.Debug|Any CPU.ActiveCfg = Debug|Any CPU
		{4A3D1371-4CDD-4D75-B36A-FE617B368D84}.Debug|Any CPU.Build.0 = Debug|Any CPU
		{4A3D1371-4CDD-4D75-B36A-FE617B368D84}.Release|Any CPU.ActiveCfg = Release|Any CPU
		{4A3D1371-4CDD-4D75-B36A-FE617B368D84}.Release|Any CPU.Build.0 = Release|Any CPU
		{0DAB7A23-0322-4853-BAE2-DF7610AD807A}.Debug|Any CPU.ActiveCfg = Debug|Any CPU
		{0DAB7A23-0322-4853-BAE2-DF7610AD807A}.Debug|Any CPU.Build.0 = Debug|Any CPU
		{0DAB7A23-0322-4853-BAE2-DF7610AD807A}.Release|Any CPU.ActiveCfg = Release|Any CPU
		{0DAB7A23-0322-4853-BAE2-DF7610AD807A}.Release|Any CPU.Build.0 = Release|Any CPU
	EndGlobalSection
	GlobalSection(SolutionProperties) = preSolution
		HideSolutionNode = FALSE
	EndGlobalSection
	GlobalSection(ExtensibilityGlobals) = postSolution
		SolutionGuid = {7CD1B61D-932F-43A0-9B6D-6030F380CF05}
	EndGlobalSection
EndGlobal
